version = 1
revision = 3
requires-python = ">=3.13"

[[package]]
name = "annotated-doc"
version = "0.0.4"
source = { registry = "https://pypi.org/simple" }
sdist = { url = "https://files.pythonhosted.org/packages/57/ba/046ceea27344560984e26a590f90bc7f4a75b06701f653222458922b558c/annotated_doc-0.0.4.tar.gz", hash = "sha256:fbcda96e87e9c92ad167c2e53839e57503ecfda18804ea28102353485033faa4", size = 7288, upload-time = "2025-11-10T22:07:42.062Z" }
wheels = [
    { url = "https://files.pythonhosted.org/packages/1e/d3/26bf1008eb3d2daa8ef4cacc7f3bfdc11818d111f7e2d0201bc6e3b49d45/annotated_doc-0.0.4-py3-none-any.whl", hash = "sha256:571ac1dc6991c450b25a9c2d84a3705e2ae7a53467b5d111c24fa8baabbed320", size = 5303, upload-time = "2025-11-10T22:07:40.673Z" },
]

[[package]]
name = "colorama"
version = "0.4.6"
source = { registry = "https://pypi.org/simple" }
sdist = { url = "https://files.pythonhosted.org/packages/d8/53/6f443c9a4a8358a93a6792e2acffb9d9d5cb0a5cfd8802644b7b1c9a02e4/colorama-0.4.6.tar.gz", hash = "sha256:08695f5cb7ed6e0531a20572697297273c47b8cae5a63ffc6d6ed5c201be6e44", size = 27697, upload-time = "2022-10-25T02:36:22.414Z" }
wheels = [
    { url = "https://files.pythonhosted.org/packages/d1/d6/3965ed04c63042e047cb6a3e6ed1a63a35087b6a609aa3a15ed8ac56c221/colorama-0.4.6-py2.py3-none-any.whl", hash = "sha256:4f1d9991f5acc0ca119f9d443620b77f9d6b33703e51011c16baf57afb285fc6", size = 25335, upload-time = "2022-10-25T02:36:20.889Z" },
]

[[package]]
name = "iniconfig"
version = "2.3.0"
source = { registry = "https://pypi.org/simple" }
sdist = { url = "https://files.pythonhosted.org/packages/72/34/14ca021ce8e5dfedc35312d08ba8bf51fdd999c576889fc2c24cb97f4f10/iniconfig-2.3.0.tar.gz", hash = "sha256:c76315c77db068650d49c5b56314774a7804df16fee4402c1f19d6d15d8c4730", size = 20503, upload-time = "2025-10-18T21:55:43.219Z" }
wheels = [
    { url = "https://files.pythonhosted.org/packages/cb/b1/3846dd7f199d53cb17f49cba7e651e9ce294d8497c8c150530ed11865bb8/iniconfig-2.3.0-py3-none-any.whl", hash = "sha256:f631c04d2c48c52b84d0d0549c99ff3859c98df65b3101406327ecc7d53fbf12", size = 7484, upload-time = "2025-10-18T21:55:41.639Z" },
]

[[package]]
name = "jeepney"
version = "0.9.0"
source = { registry = "https://pypi.org/simple" }
sdist = { url = "https://files.pythonhosted.org/packages/7b/6f/357efd7602486741aa73ffc0617fb310a29b588ed0fd69c2399acbb85b0c/jeepney-0.9.0.tar.gz", hash = "sha256:cf0e9e845622b81e4a28df94c40345400256ec608d0e55bb8a3feaa9163f5732", size = 106758, upload-time = "2025-02-27T18:51:01.684Z" }
wheels = [
    { url = "https://files.pythonhosted.org/packages/b2/a3/e137168c9c44d18eff0376253da9f1e9234d0239e0ee230d2fee6cea8e55/jeepney-0.9.0-py3-none-any.whl", hash = "sha256:97e5714520c16fc0a45695e5365a2e11b81ea79bba796e26f9f1d178cb182683", size = 49010, upload-time = "2025-02-27T18:51:00.104Z" },
]

[[package]]
name = "markdown-it-py"
version = "4.2.0"
source = { registry = "https://pypi.org/simple" }
dependencies = [
    { name = "mdurl" },
]
sdist = { url = "https://files.pythonhosted.org/packages/06/ff/7841249c247aa650a76b9ee4bbaeae59370dc8bfd2f6c01f3630c35eb134/markdown_it_py-4.2.0.tar.gz", hash = "sha256:04a21681d6fbb623de53f6f364d352309d4094dd4194040a10fd51833e418d49", size = 82454, upload-time = "2026-05-07T12:08:28.36Z" }
wheels = [
    { url = "https://files.pythonhosted.org/packages/b3/81/4da04ced5a082363ecfa159c010d200ecbd959ae410c10c0264a38cac0f5/markdown_it_py-4.2.0-py3-none-any.whl", hash = "sha256:9f7ebbcd14fe59494226453aed97c1070d83f8d24b6fc3a3bcf9a38092641c4a", size = 91687, upload-time = "2026-05-07T12:08:27.182Z" },
]

[[package]]
name = "mdurl"
version = "0.1.2"
source = { registry = "https://pypi.org/simple" }
sdist = { url = "https://files.pythonhosted.org/packages/d6/54/cfe61301667036ec958cb99bd3efefba235e65cdeb9c84d24a8293ba1d90/mdurl-0.1.2.tar.gz", hash = "sha256:bb413d29f5eea38f31dd4754dd7377d4465116fb207585f97bf925588687c1ba", size = 8729, upload-time = "2022-08-14T12:40:10.846Z" }
wheels = [
    { url = "https://files.pythonhosted.org/packages/b3/38/89ba8ad64ae25be8de66a6d463314cf1eb366222074cfda9ee839c56a4b4/mdurl-0.1.2-py3-none-any.whl", hash = "sha256:84008a41e51615a49fc9966191ff91509e3c40b939176e643fd50a5c2196b8f8", size = 9979, upload-time = "2022-08-14T12:40:09.779Z" },
]

[[package]]
name = "packaging"
version = "26.2"
source = { registry = "https://pypi.org/simple" }
sdist = { url = "https://files.pythonhosted.org/packages/d7/f1/e7a6dd94a8d4a5626c03e4e99c87f241ba9e350cd9e6d75123f992427270/packaging-26.2.tar.gz", hash = "sha256:ff452ff5a3e828ce110190feff1178bb1f2ea2281fa2075aadb987c2fb221661", size = 228134, upload-time = "2026-04-24T20:15:23.917Z" }
wheels = [
    { url = "https://files.pythonhosted.org/packages/df/b2/87e62e8c3e2f4b32e5fe99e0b86d576da1312593b39f47d8ceef365e95ed/packaging-26.2-py3-none-any.whl", hash = "sha256:5fc45236b9446107ff2415ce77c807cee2862cb6fac22b8a73826d0693b0980e", size = 100195, upload-time = "2026-04-24T20:15:22.081Z" },
]

[[package]]
name = "paswitch"
version = "0.1.0"
source = { editable = "." }
dependencies = [
    { name = "jeepney" },
    { name = "typer-slim" },
]

[package.dev-dependencies]
dev = [
    { name = "pytest" },
    { name = "pytest-randomly" },
    { name = "ruff" },
    { name = "rust-just" },
    { name = "ty" },
    { name = "typos" },
]

[package.metadata]
requires-dist = [
    { name = "jeepney", specifier = ">=0.9.0" },
    { name = "typer-slim", specifier = ">=0.12.3" },
]

[package.metadata.requires-dev]
dev = [
    { name = "pytest", specifier = ">=8.3.1" },
    { name = "pytest-randomly", specifier = ">=3.15.0" },
    { name = "ruff", specifier = ">=0.5.4" },
    { name = "rust-just", specifier = ">=1.43.1" },
    { name = "ty", specifier = ">=0.0.7" },
    { name = "typos", specifier = ">=1.30.0" },
]

[[package]]
name = "pluggy"
version = "1.6.0"
source = { registry = "https://pypi.org/simple" }
sdist = { url = "https://files.pythonhosted.org/packages/f9/e2/3e91f31a7d2b083fe6ef3fa267035b518369d9511ffab804f839851d2779/pluggy-1.6.0.tar.gz", hash = "sha256:7dcc130b76258d33b90f61b658791dede3486c3e6bfb003ee5c9bfb396dd22f3", size = 69412, upload-time = "2025-05-15T12:30:07.975Z" }
wheels = [
    { url = "https://files.pythonhosted.org/packages/54/20/4d324d65cc6d9205fabedc306948156824eb9f0ee1633355a8f7ec5c66bf/pluggy-1.6.0-py3-none-any.whl", hash = "sha256:e920276dd6813095e9377c0bc5566d94c932c33b27a3e3945d8389c374dd4746", size = 20538, upload-time = "2025-05-15T12:30:06.134Z" },
]

[[package]]
name = "pygments"
version = "2.20.0"
source = { registry = "https://pypi.org/simple" }
sdist = { url = "https://files.pythonhosted.org/packages/c3/b2/bc9c9196916376152d655522fdcebac55e66de6603a76a02bca1b6414f6c/pygments-2.20.0.tar.gz", hash = "sha256:6757cd03768053ff99f3039c1a36d6c0aa0b263438fcab17520b30a303a82b5f", size = 4955991, upload-time = "2026-03-29T13:29:33.898Z" }
wheels = [
    { url = "https://files.pythonhosted.org/packages/f4/7e/a72dd26f3b0f4f2bf1dd8923c85f7ceb43172af56d63c7383eb62b332364/pygments-2.20.0-py3-none-any.whl", hash = "sha256:81a9e26dd42fd28a23a2d169d86d7ac03b46e2f8b59ed4698fb4785f946d0176", size = 1231151, upload-time = "2026-03-29T13:29:30.038Z" },
]

[[package]]
name = "pytest"
version = "9.1.1"
source = { registry = "https://pypi.org/simple" }
dependencies = [
    { name = "colorama", marker = "sys_platform == 'win32'" },
    { name = "iniconfig" },
    { name = "packaging" },
    { name = "pluggy" },
    { name = "pygments" },
]
sdist = { url = "https://files.pythonhosted.org/packages/e4/47/b9efed96c114afcfa3c9d3fe98a76a1d14c74a9e266d397cf6eb64be5e01/pytest-9.1.1.tar.gz", hash = "sha256:1088fbde8f2b49d95a549a195707afa7a76a3ce9bcadc26b6d71f0ffda5fe313", size = 1636369, upload-time = "2026-06-19T10:58:32.857Z" }
wheels = [
    { url = "https://files.pythonhosted.org/packages/24/25/1de2678b631f5a49215c6c96fff41ba892b0a34df68d6d80292b1b48aa7f/pytest-9.1.1-py3-none-any.whl", hash = "sha256:37a86b45efb9a47a61a36449063e8e18d0cab3161329fc099eb21783169c4f0c", size = 386536, upload-time = "2026-06-19T10:58:31.347Z" },
]

[[package]]
name = "pytest-randomly"
version = "4.1.0"
source = { registry = "https://pypi.org/simple" }
dependencies = [
    { name = "pytest" },
]
sdist = { url = "https://files.pythonhosted.org/packages/27/b3/36192dacc0f470ac2cc516f73e01739c9a48a8224f76beada4f85e1c8a89/pytest_randomly-4.1.0.tar.gz", hash = "sha256:47f1d9746c3bc3efabd53ae1ebfb8bb385cf3d4df4b505b6d58d9c97a3dfe70f", size = 14302, upload-time = "2026-04-20T13:01:51.831Z" }
wheels = [
    { url = "https://files.pythonhosted.org/packages/9a/db/2df9a1fca597a273f957a559c20c2d95d629928384507b2afa43ba6909d1/pytest_randomly-4.1.0-py3-none-any.whl", hash = "sha256:f55e89e53367b090c0c053697d7f9d77595543d0e0516c93978b50c0f6b252f9", size = 8353, upload-time = "2026-04-20T13:01:50.382Z" },
]

[[package]]
name = "rich"
version = "15.0.0"
source = { registry = "https://pypi.org/simple" }
dependencies = [
    { name = "markdown-it-py" },
    { name = "pygments" },
]
sdist = { url = "https://files.pythonhosted.org/packages/c0/8f/0722ca900cc807c13a6a0c696dacf35430f72e0ec571c4275d2371fca3e9/rich-15.0.0.tar.gz", hash = "sha256:edd07a4824c6b40189fb7ac9bc4c52536e9780fbbfbddf6f1e2502c31b068c36", size = 230680, upload-time = "2026-04-12T08:24:00.75Z" }
wheels = [
    { url = "https://files.pythonhosted.org/packages/82/3b/64d4899d73f91ba49a8c18a8ff3f0ea8f1c1d75481760df8c68ef5235bf5/rich-15.0.0-py3-none-any.whl", hash = "sha256:33bd4ef74232fb73fe9279a257718407f169c09b78a87ad3d296f548e27de0bb", size = 310654, upload-time = "2026-04-12T08:24:02.83Z" },
]

[[package]]
name = "ruff"
version = "0.15.18"
source = { registry = "https://pypi.org/simple" }
sdist = { url = "https://files.pythonhosted.org/packages/74/98/1295ad5a5aa9bc85bdcdfa5d82fe7b49c61af5657df4f227637ff9de0da6/ruff-0.15.18.tar.gz", hash = "sha256:2698a964c70e8bf402dcb99c8810472d270d141e7aa8c4e13599fd52033a2f33", size = 4761437, upload-time = "2026-06-18T18:25:39.224Z" }
wheels = [
    { url = "https://files.pythonhosted.org/packages/b9/d0/686e984941269621e2be72612d5c1e461f8f7b38415a2a7d7a81c8ae6715/ruff-0.15.18-py3-none-linux_armv6l.whl", hash = "sha256:8b6850172348c8381b8b3084c5915a4393c2373b9b54cd5b5e1ea15812bc10df", size = 10887308, upload-time = "2026-06-18T18:25:03.062Z" },
    { url = "https://files.pythonhosted.org/packages/ed/21/bc4123e3f5515ee99f8ce1eb93a14a0628fe4d1678663cd08f933ac16931/ruff-0.15.18-py3-none-macosx_10_12_x86_64.whl", hash = "sha256:3fccc153a85417dcd976883160cacce486997b0a0058dd18f54b8aaaac7d1ce2", size = 11281305, upload-time = "2026-06-18T18:25:30.026Z" },
    { url = "https://files.pythonhosted.org/packages/51/93/4769464c25cf7ab2acb3c7dda9cad3d867eb41c59565b3e2a9d17249c90c/ruff-0.15.18-py3-none-macosx_11_0_arm64.whl", hash = "sha256:08d4c86a68f2c3ec2c9d56380a71fb4a4f65373055cbb8caabd645e9102f38d4", size = 10641215, upload-time = "2026-06-18T18:25:15.802Z" },
    { url = "https://files.pythonhosted.org/packages/6c/42/56926d17120db2c208d76bf60a1a019644dd9e91dc27f0f95c9caddb1366/ruff-0.15.18-py3-none-manylinux_2_17_aarch64.manylinux2014_aarch64.whl", hash = "sha256:37e5108745c2c0705da916d7d4de533ddf547051ef45f62888c31bae73f66318", size = 10957224, upload-time = "2026-06-18T18:25:36.955Z" },
    { url = "https://files.pythonhosted.org/packages/22/4f/d43fab8d8189afde803103022d000a8ef9f230616d436d52a8b2b8d63b50/ruff-0.15.18-py3-none-manylinux_2_17_armv7l.manylinux2014_armv7l.whl", hash = "sha256:56949a6ce8b3abde54c0bcb22cebfe57e8771cadc84b407ae8b8eaf67ebdcd43", size = 10699024, upload-time = "2026-06-18T18:25:05.707Z" },
    { url = "https://files.pythonhosted.org/packages/63/42/1e3e4c68bd408b9768cf3e439acbe2c78245225faef253f7028a0cdb63e0/ruff-0.15.18-py3-none-manylinux_2_17_i686.manylinux2014_i686.whl", hash = "sha256:01a754cd6a1b630d3f97e33eb452cf7a98040482318e870f8bc52a5a30e62657", size = 11491458, upload-time = "2026-06-18T18:25:20.275Z" },
    { url = "https://files.pythonhosted.org/packages/20/77/47a3484bea8521e14a203d98c389c5c97846675e4f02734672da4a69b52a/ruff-0.15.18-py3-none-manylinux_2_17_ppc64le.manylinux2014_ppc64le.whl", hash = "sha256:6ba7a07e03a44dbf10bb086ee06705b173625014ec99f73a7e6836a5e5590a0c", size = 12383752, upload-time = "2026-06-18T18:25:22.535Z" },
    { url = "https://files.pythonhosted.org/packages/0a/ca/054159590787023d83b658a1a1819c4c8910114e7015069340b71c0961cb/ruff-0.15.18-py3-none-manylinux_2_17_s390x.manylinux2014_s390x.whl", hash = "sha256:5a2c40a41a4cadbcf5897b548ab29dfe248b20c540961c0247d98a3973c70403", size = 11577923, upload-time = "2026-06-18T18:25:10.702Z" },
    { url = "https://files.pythonhosted.org/packages/6d/ff/d353d6b7bbd73cc0ec37f4463d7540e45e894338abdd9964eee0de332708/ruff-0.15.18-py3-none-manylinux_2_17_x86_64.manylinux2014_x86_64.whl", hash = "sha256:5f0480ce690cbb6c4db6e5d08f19fce98e10ba131a8b60c1bcdac42771e3ae2d", size = 11583925, upload-time = "2026-06-18T18:25:32.391Z" },
    { url = "https://files.pythonhosted.org/packages/c1/4a/891f89b9c296ed3e5f3ece1a5629badc989d9a8fdaa30431aaf4774bc1c2/ruff-0.15.18-py3-none-manylinux_2_31_riscv64.whl", hash = "sha256:2330215f1f393fa8733f55edce04fcf94c36a2c460fcde31f78cc84e4951e9b1", size = 11582834, upload-time = "2026-06-18T18:25:27.309Z" },
    { url = "https://files.pythonhosted.org/packages/32/a3/ed9e370154bf85de360b93c03026157f02d4943b2d01ff4945f4429f8e8a/ruff-0.15.18-py3-none-musllinux_1_2_aarch64.whl", hash = "sha256:a6aa6a3d979e48ae617578183674bf264fbe7d0114a796a26bd678d67963c7ff", size = 10927328, upload-time = "2026-06-18T18:25:34.676Z" },
    { url = "https://files.pythonhosted.org/packages/f5/d1/5cf5909329fedb5d39d555ee818ba5cf4638e1a301b89785d34f2905bfcb/ruff-0.15.18-py3-none-musllinux_1_2_armv7l.whl", hash = "sha256:a81beadbbff2c9c245561ae3f77b16709d87f35eec650d0501679239d3449b22", size = 10693187, upload-time = "2026-06-18T18:25:08.245Z" },
    { url = "https://files.pythonhosted.org/packages/fd/44/ff6c635cf2c4f4e7b618b6640da057376baa36014695487d88aed4794268/ruff-0.15.18-py3-none-musllinux_1_2_i686.whl", hash = "sha256:2186d9e940ae332ab293623a75b5f4fe49565f449954d50a72a046683aa6b809", size = 11208721, upload-time = "2026-06-18T18:25:41.327Z" },
    { url = "https://files.pythonhosted.org/packages/88/d9/5baa2a30861adfb7022cf33c1e35b2fc18085b08c16f83eff4c7b99a5f48/ruff-0.15.18-py3-none-musllinux_1_2_x86_64.whl", hash = "sha256:5c2abf140438032bc77b2284a6c9944ecd8a19e5f1c7b52b1b8e4a0a80d19a7a", size = 11678599, upload-time = "2026-06-18T18:25:13.607Z" },
    { url = "https://files.pythonhosted.org/packages/c3/1a/0725a7cfdc32ff769efb96ee782bec882e16448c5d9e3be947ec4c04ce27/ruff-0.15.18-py3-none-win32.whl", hash = "sha256:02299e6e9fa5b297a3f6d5d10d7bcd655c925b028bb8b9d4588214549c6b9ec4", size = 10901903, upload-time = "2026-06-18T18:25:24.755Z" },
    { url = "https://files.pythonhosted.org/packages/f3/51/805d9f6fb7970505c3504794a5ec350f605361b807fef4dcf214ebd35e72/ruff-0.15.18-py3-none-win_amd64.whl", hash = "sha256:dac80dc8d26b2257dbefabed62f5d255c3937b4ccb122da1fc634794fa3578b3", size = 12041189, upload-time = "2026-06-18T18:25:17.915Z" },
    { url = "https://files.pythonhosted.org/packages/29/4c/67bb45e41609eb4726f1bfeb59e083cf91d14c696d4bd14c234a980be93d/ruff-0.15.18-py3-none-win_arm64.whl", hash = "sha256:b2c9257fcbd4a3e5b977a1904e6facca016bafe2edc17df24db67cfaee03b4e4", size = 11329958, upload-time = "2026-06-18T18:25:43.686Z" },
]

[[package]]
name = "rust-just"
version = "1.53.0"
source = { registry = "https://pypi.org/simple" }
sdist = { url = "https://files.pythonhosted.org/packages/62/f4/0f435231a31e9d90b661e2429046471153b5f31c7457e24fc5fb4f80672e/rust_just-1.53.0.tar.gz", hash = "sha256:3c8b3c69867094dfd9fd26ce5fb895d4e05361a816bc30d9d63c5bd765065d86", size = 1948355, upload-time = "2026-06-17T04:49:53.23Z" }
wheels = [
    { url = "https://files.pythonhosted.org/packages/c5/2e/174eb6591ac9cfd1ccea425b766a7db88a09a582353453105d3cc2655f7c/rust_just-1.53.0-py3-none-macosx_10_12_x86_64.whl", hash = "sha256:5c3c4bfb098113eece8508d648af6011c3ef138ae3301341de7a906cdf21f181", size = 2147463, upload-time = "2026-06-17T04:49:45.633Z" },
    { url = "https://files.pythonhosted.org/packages/3c/4c/01ddee01d1350c35d0ce7e1cf3dbfcb16c434ff97c84031bec3cb2458b28/rust_just-1.53.0-py3-none-macosx_11_0_arm64.whl", hash = "sha256:32132387b1b38653dfda09769bfd49686c181bbf6bf4c8a300cbd48d4441e012", size = 2001905, upload-time = "2026-06-17T04:49:47.085Z" },
    { url = "https://files.pythonhosted.org/packages/55/1f/2bf20c7295064e07cfada9156a7dc82b7f8f66a8d898341a223edc1cc1ec/rust_just-1.53.0-py3-none-manylinux_2_17_aarch64.manylinux2014_aarch64.whl", hash = "sha256:54b0a8267192c4bce19422435575416980f0b8a09835f81dfe9e60675daf882b", size = 2109911, upload-time = "2026-06-17T04:49:36.032Z" },
    { url = "https://files.pythonhosted.org/packages/59/c1/41ddce909c7428732ab3986b20529615f0d648d57e3eb2e06eb8b09ebc6a/rust_just-1.53.0-py3-none-manylinux_2_17_armv7l.manylinux2014_armv7l.whl", hash = "sha256:49f20b986a8b35683a31a2fe3e648106cc2bccd68903e7ded831ebbb588f2109", size = 2073105, upload-time = "2026-06-17T04:49:50.205Z" },
    { url = "https://files.pythonhosted.org/packages/6d/f4/8e47e2dfa956a2a307ee4d083bd021140ecbdf86e41b2bf5f83e4f23c846/rust_just-1.53.0-py3-none-manylinux_2_17_i686.manylinux2014_i686.whl", hash = "sha256:9aa3f91ea8204e0a2b8e66fbbcac3b6803b44433d1464d2e0bc21e9d94f52dfb", size = 2270649, upload-time = "2026-06-17T04:49:48.68Z" },
    { url = "https://files.pythonhosted.org/packages/c9/53/bc25630da2cfa0817f9cc080ab4c7df883c9351844a3cc87800852357e90/rust_just-1.53.0-py3-none-manylinux_2_17_ppc64le.manylinux2014_ppc64le.whl", hash = "sha256:12f9004ad1322674318924effaa9723acd5f32ae1adf27d21f933cb4d1d3cfa2", size = 2369265, upload-time = "2026-06-17T04:49:51.705Z" },
    { url = "https://files.pythonhosted.org/packages/ca/9f/f2e50a597697f73c7458ba8e4649371ae71485f569e5a068e9701740729a/rust_just-1.53.0-py3-none-manylinux_2_17_s390x.manylinux2014_s390x.whl", hash = "sha256:c89fb181a15a0c23313756231256bf9ff19225d3e976c9556cba84f3bb58940d", size = 2347980, upload-time = "2026-06-17T04:49:34.702Z" },
    { url = "https://files.pythonhosted.org/packages/27/ec/527f2a0c84f297f568a3e6bed4a112d7664a806c1582957b44df5171461d/rust_just-1.53.0-py3-none-manylinux_2_17_x86_64.manylinux2014_x86_64.whl", hash = "sha256:7706849bd5eaad713504872aa22587f5412e5e3bbc6f7a522ba0f8ad9802cf97", size = 2266001, upload-time = "2026-06-17T04:49:41.191Z" },
    { url = "https://files.pythonhosted.org/packages/16/a4/35d99e434ff9f4f029ad020be993219c07e820d60199348f8d600f053662/rust_just-1.53.0-py3-none-manylinux_2_31_riscv64.whl", hash = "sha256:2cafa0186bfb856e5d22e4286a1d6ca4bcb1cd846da4c1bdf3b3bea5f980771a", size = 2118672, upload-time = "2026-06-17T04:49:54.437Z" },
    { url = "https://files.pythonhosted.org/packages/0f/31/5a185395feccaf4be3aae80b1fa8d3801d472879ccd183f1809abe46314f/rust_just-1.53.0-py3-none-musllinux_1_2_aarch64.whl", hash = "sha256:2abb6446d3ee48b58a1c170259c28c216944e984f453bd996ac7141b3f5ffcc5", size = 2115687, upload-time = "2026-06-17T04:49:55.775Z" },
    { url = "https://files.pythonhosted.org/packages/ae/a2/6f03398460e66b49138344be84c5b5b617b074e93d905742f664c4f1f0c4/rust_just-1.53.0-py3-none-musllinux_1_2_armv7l.whl", hash = "sha256:ea024a457f6d42d2ba1a02e9bd6d3ad1702a7f79da95f08f3265d842af08da56", size = 2091890, upload-time = "2026-06-17T04:49:42.483Z" },
    { url = "https://files.pythonhosted.org/packages/1b/0a/9f869e1c11068f474e0f542e1c749e80c465bf3f6bac01ec5e23441c72c0/rust_just-1.53.0-py3-none-musllinux_1_2_i686.whl", hash = "sha256:1e3cac1b1064cf74f59378a47e6d44107207ca9dd1f1a4b3d7b7efdd7cf06de7", size = 2241457, upload-time = "2026-06-17T04:49:44.2Z" },
    { url = "https://files.pythonhosted.org/packages/da/eb/df498cd0f109c4d280f929aa6f4520ca62407d6f9e17fba77889b11eba0c/rust_just-1.53.0-py3-none-musllinux_1_2_riscv64.whl", hash = "sha256:770c1ee093c7c54fe09d2e3c46da42c404d1424b31030e32cc6f06c4b429b94e", size = 2291336, upload-time = "2026-06-17T04:49:37.416Z" },
    { url = "https://files.pythonhosted.org/packages/9c/a8/d1c8376dc294e0813469e1776ed61d768774c93d3fa733edb38ee16cfcc0/rust_just-1.53.0-py3-none-musllinux_1_2_x86_64.whl", hash = "sha256:248d66189160fcfcc9080526b501a3bffffd92d536170499bf265ca3f954a382", size = 2339965, upload-time = "2026-06-17T04:49:39.907Z" },
    { url = "https://files.pythonhosted.org/packages/15/59/9694f60f84813beefaf9373d2fcc787eb4861d1ac768a63dfda8dc76a338/rust_just-1.53.0-py3-none-win32.whl", hash = "sha256:1ff2a2ccb81d8eacd2461e94d4080ba02bdecb4a82e1a932473894f29d794f1c", size = 2013843, upload-time = "2026-06-17T04:49:38.604Z" },
    { url = "https://files.pythonhosted.org/packages/7a/1d/b6a27d643db16903da0fefc53290dd8a7470fc0532d5c658fb5e18209d25/rust_just-1.53.0-py3-none-win_amd64.whl", hash = "sha256:a9750a38943b3add9abcee22d3f33a6b820313c597a9011d17c2ed5c7b14e320", size = 2224646, upload-time = "2026-06-17T04:49:32.774Z" },
]

[[package]]
name = "shellingham"
version = "1.5.4"
source = { registry = "https://pypi.org/simple" }
sdist = { url = "https://files.pythonhosted.org/packages/58/15/8b3609fd3830ef7b27b655beb4b4e9c62313a4e8da8c676e142cc210d58e/shellingham-1.5.4.tar.gz", hash = "sha256:8dbca0739d487e5bd35ab3ca4b36e11c4078f3a234bfce294b0a0291363404de", size = 10310, upload-time = "2023-10-24T04:13:40.426Z" }
wheels = [
    { url = "https://files.pythonhosted.org/packages/e0/f9/0595336914c5619e5f28a1fb793285925a8cd4b432c9da0a987836c7f822/shellingham-1.5.4-py2.py3-none-any.whl", hash = "sha256:7ecfff8f2fd72616f7481040475a65b2bf8af90a56c89140852d1120324e8686", size = 9755, upload-time = "2023-10-24T04:13:38.866Z" },
]

[[package]]
name = "ty"
version = "0.0.52"
source = { registry = "https://pypi.org/simple" }
sdist = { url = "https://files.pythonhosted.org/packages/5d/84/4417eb08328dcc547bf407d20af5e45ec8c64a85470f388fc2d590c9200a/ty-0.0.52.tar.gz", hash = "sha256:f1191175429fea917f96f79a57773eb6e57b861ee97e9ad2d77cc7538f0f284b", size = 5973710, upload-time = "2026-06-23T01:43:31.906Z" }
wheels = [
    { url = "https://files.pythonhosted.org/packages/22/8f/ba97090625c824bdb2ddac4e22e9f3568c6e5e20e75923daa49ff5254648/ty-0.0.52-py3-none-linux_armv6l.whl", hash = "sha256:5e9403d3b5c5067cef06e29f33e842b095a71479314e38e4aa5e0afe7940e4eb", size = 11956857, upload-time = "2026-06-23T01:42:43.935Z" },
    { url = "https://files.pythonhosted.org/packages/6e/d2/d8ed189611c658e567a2d267f088d5b1128ae6c80e4f40b29552679fd9e1/ty-0.0.52-py3-none-macosx_10_12_x86_64.whl", hash = "sha256:397971af92f63fd1ab244ded9f07e6a13834cf2299a53db19f20ff3076ec5998", size = 11745925, upload-time = "2026-06-23T01:42:47.85Z" },
    { url = "https://files.pythonhosted.org/packages/19/19/db06dd15512bf8e589f2bd92ddfe77a656185801e800cd73f99f12d86305/ty-0.0.52-py3-none-macosx_11_0_arm64.whl", hash = "sha256:3857ba38d5caa55be5a028c1dfda00a50fe9688a776455983f7e6f75783675e0", size = 11090262, upload-time = "2026-06-23T01:42:50.351Z" },
    { url = "https://files.pythonhosted.org/packages/c2/9a/15d3b77ad5e03b802266920bd406a321ac86be88ddbf7db058003559ccad/ty-0.0.52-py3-none-manylinux_2_17_aarch64.manylinux2014_aarch64.whl", hash = "sha256:bdb6b21947ab96cacf15384f245609439d117abfd67479d9dd9e193fc3c88332", size = 11634345, upload-time = "2026-06-23T01:42:53.164Z" },
    { url = "https://files.pythonhosted.org/packages/75/4e/a32b72b11f02e6aeda01ffa8459a6dfa3582cb1555212dc38485c36b44b0/ty-0.0.52-py3-none-manylinux_2_17_armv7l.manylinux2014_armv7l.whl", hash = "sha256:c3acdcb7be88e2248c9ac3210fd21a7bf708ccf65365712ff860d6d2a5794295", size = 11741270, upload-time = "2026-06-23T01:42:55.996Z" },
    { url = "https://files.pythonhosted.org/packages/c6/e0/c2f4de96c2cb25ee74fc41b6bfb80f64b6f90d4e77580454860ee81dde19/ty-0.0.52-py3-none-manylinux_2_17_i686.manylinux2014_i686.whl", hash = "sha256:186302513a72816f5253e32768a2c2f416fbc250079e1404ab6d758b963c402b", size = 12249540, upload-time = "2026-06-23T01:42:58.697Z" },
    { url = "https://files.pythonhosted.org/packages/c8/01/77d45372342983c98c1f3b26b4a8ea7139cb10b26820f0f6b37a298c9fa1/ty-0.0.52-py3-none-manylinux_2_17_ppc64le.manylinux2014_ppc64le.whl", hash = "sha256:02ee1083e9fd1a8c221eaa1e7018d4bac40e7b8a9f06db724757491b2948857a", size = 12822873, upload-time = "2026-06-23T01:43:01.57Z" },
    { url = "https://files.pythonhosted.org/packages/1c/09/9bdb394da75cefd41498c86a1f357b7f319368122ac8943d457f28f02609/ty-0.0.52-py3-none-manylinux_2_17_s390x.manylinux2014_s390x.whl", hash = "sha256:83cadaa3efdb3860d24eb45ee3103da0c9a4f7be73c089984e9df095545b9da5", size = 12441154, upload-time = "2026-06-23T01:43:04.129Z" },
    { url = "https://files.pythonhosted.org/packages/ea/07/969dce9b75fdfad9cad3aeae484761e57882b92a6e3d0fe8951b9427846b/ty-0.0.52-py3-none-manylinux_2_17_x86_64.manylinux2014_x86_64.whl", hash = "sha256:680738fdfdce72df8be1a213df9ed87add63e1e7705a7927bd360150cd4d749e", size = 12301402, upload-time = "2026-06-23T01:43:06.978Z" },
    { url = "https://files.pythonhosted.org/packages/0b/66/a6fc838efc21c5303d83fd1ccf2b8f0e551b8b3426c54513ea1b1499b1b9/ty-0.0.52-py3-none-manylinux_2_31_riscv64.whl", hash = "sha256:30bbe8390a4e58003f181d52c2b3e50facf6b83491c8638f9136a5b8a5a7d931", size = 12507384, upload-time = "2026-06-23T01:43:09.693Z" },
    { url = "https://files.pythonhosted.org/packages/c5/38/eb2c8c17ae3a022e5e1ca187afa5cc03fe0cc40d6dfb5404e6941c98f7af/ty-0.0.52-py3-none-musllinux_1_2_aarch64.whl", hash = "sha256:77c8699e796d37534243ea8ac54ac7f64690bf787e2894cb3be18c16ff6fc53c", size = 11600728, upload-time = "2026-06-23T01:43:12.236Z" },
    { url = "https://files.pythonhosted.org/packages/ce/3a/9f25321f6a173021bc728d158cd9e30c5ee28b62f4a20421fca3ebf3f6a5/ty-0.0.52-py3-none-musllinux_1_2_armv7l.whl", hash = "sha256:ef5c3f6e2cf649773382b9843227b62d689a0179ec1d0366159c349990ceaeb9", size = 11765676, upload-time = "2026-06-23T01:43:14.922Z" },
    { url = "https://files.pythonhosted.org/packages/fc/96/2790300be5bca3bedaa7eb143c26d02b9188685bbf9b9a6bae79e4566085/ty-0.0.52-py3-none-musllinux_1_2_i686.whl", hash = "sha256:dba4c4ee5e1b33c5ad6c965042101d09804b352a3b1482f3ad7b32ad78c22dd4", size = 11886884, upload-time = "2026-06-23T01:43:17.608Z" },
    { url = "https://files.pythonhosted.org/packages/74/06/c098d9422d297cccd27f6a8f5cf5e7eff857b62a89b4549bad9dd0759365/ty-0.0.52-py3-none-musllinux_1_2_x86_64.whl", hash = "sha256:3e2b06401af954515403f0b2bbe382ca74f09bf2993e7b64fc3c1ad96fde7948", size = 12401990, upload-time = "2026-06-23T01:43:20.267Z" },
    { url = "https://files.pythonhosted.org/packages/5c/c9/34b771d0581fbfd0dde89f869af597b3907c7e5c59439005f59f6671c7d5/ty-0.0.52-py3-none-win32.whl", hash = "sha256:6347248c640f0d71ba9c4fe5de941ec7e3df167008bdda5c2cf795055045f266", size = 11247464, upload-time = "2026-06-23T01:43:23.36Z" },
    { url = "https://files.pythonhosted.org/packages/33/b1/0c381ac39d85a885d4e2841173e9a88bf190b4f7cf7d15afd4a1d7e8c715/ty-0.0.52-py3-none-win_amd64.whl", hash = "sha256:57150a68abfea2ec4727647b26f136850695972a650587f44a4b98fc9d4a1096", size = 12385753, upload-time = "2026-06-23T01:43:26.479Z" },
    { url = "https://files.pythonhosted.org/packages/fb/1f/2744053d80ca1b350817dbf41286bac9c95491cfa437c0cc923feaf3522b/ty-0.0.52-py3-none-win_arm64.whl", hash = "sha256:c669df56e41c99ea53405191da0fd65cbcb9bb7162c676ef6f45e480c6a7da6e", size = 11695815, upload-time = "2026-06-23T01:43:29.465Z" },
]

[[package]]
name = "typer"
version = "0.26.7"
source = { registry = "https://pypi.org/simple" }
dependencies = [
    { name = "annotated-doc" },
    { name = "colorama", marker = "sys_platform == 'win32'" },
    { name = "rich" },
    { name = "shellingham" },
]
sdist = { url = "https://files.pythonhosted.org/packages/5e/ed/ef06584ccdd5c410df0837951ecd7e15d9a6144ea1bd4c73cecab1a89891/typer-0.26.7.tar.gz", hash = "sha256:e314a34c617e419c091b2830dda3ea1f257134ff593061a8f5b9717ab8dddb3a", size = 201709, upload-time = "2026-06-03T07:18:06.843Z" }
wheels = [
    { url = "https://files.pythonhosted.org/packages/24/25/2201973529af2c954de0bb725323c3aaed6d7f0ceee8f550dec9185df013/typer-0.26.7-py3-none-any.whl", hash = "sha256:5c87cfbc5d34491c5346ebf49c23e18d56ccb863268d3a8d592b26087c2f5e58", size = 122456, upload-time = "2026-06-03T07:18:05.732Z" },
]

[[package]]
name = "typer-slim"
version = "0.24.0"
source = { registry = "https://pypi.org/simple" }
dependencies = [
    { name = "typer" },
]
sdist = { url = "https://files.pythonhosted.org/packages/a7/a7/e6aecc4b4eb59598829a3b5076a93aff291b4fdaa2ded25efc4e1f4d219c/typer_slim-0.24.0.tar.gz", hash = "sha256:f0ed36127183f52ae6ced2ecb2521789995992c521a46083bfcdbb652d22ad34", size = 4776, upload-time = "2026-02-16T22:08:51.2Z" }
wheels = [
    { url = "https://files.pythonhosted.org/packages/a7/24/5480c20380dfd18cf33d14784096dca45a24eae6102e91d49a718d3b6855/typer_slim-0.24.0-py3-none-any.whl", hash = "sha256:d5d7ee1ee2834d5020c7c616ed5e0d0f29b9a4b1dd283bdebae198ec09778d0e", size = 3394, upload-time = "2026-02-16T22:08:49.92Z" },
]

[[package]]
name = "typos"
version = "1.47.2"
source = { registry = "https://pypi.org/simple" }
sdist = { url = "https://files.pythonhosted.org/packages/77/9b/ae967bee92f0db3916350bd433f700cc0cd2942d51a22f3bfafbc97392f6/typos-1.47.2.tar.gz", hash = "sha256:d303e8c495ea870f750d8b37f2d3c3fe2441b00cf18ca5d7e0b52eca1938c7b7", size = 1829889, upload-time = "2026-06-04T01:03:07.169Z" }
wheels = [
    { url = "https://files.pythonhosted.org/packages/d7/9f/0612f6272666784ee60bee890afd517641044e5f1cda76ce22252e61b4e1/typos-1.47.2-py3-none-macosx_10_12_x86_64.whl", hash = "sha256:87df3040f9d34afd9b19a9437045fbb8838a0435eb00f047e4bac48d92f2fc44", size = 3468120, upload-time = "2026-06-04T01:02:51.404Z" },
    { url = "https://files.pythonhosted.org/packages/4c/cc/9ecd96a40cf5e8aca68cc07c0b7e4a8d8d3376b19c5774a95aeded8a935f/typos-1.47.2-py3-none-macosx_11_0_arm64.whl", hash = "sha256:287e2718a058c561baf5f55ec6b466d9270546bcb1951a2c120e594c574b9597", size = 3379520, upload-time = "2026-06-04T01:02:53.117Z" },
    { url = "https://files.pythonhosted.org/packages/d9/6e/77d23f926d6f774d6939e24f9545db702e2ee359b21e38006337539d0903/typos-1.47.2-py3-none-manylinux_2_17_aarch64.manylinux2014_aarch64.whl", hash = "sha256:3e4ef6632b280ce237caaec38d80dd3c2d956e28aa6925f80d4e915335b94a36", size = 8242414, upload-time = "2026-06-04T01:02:55.443Z" },
    { url = "https://files.pythonhosted.org/packages/a2/fd/e292e2bde1144a135949cf6d5615e571eab7f0ff2ba6cca55c074b302dd1/typos-1.47.2-py3-none-manylinux_2_17_i686.manylinux2014_i686.whl", hash = "sha256:cd7b310019943e26552809bd17f9f202b45eb0c9694f437f1708ab0868248ced", size = 7327674, upload-time = "2026-06-04T01:02:57.243Z" },
    { url = "https://files.pythonhosted.org/packages/a7/58/b7a3f4df5ff9ddde7c9e42d29b4c0569662af5dbad3573eedc167cd8d1e1/typos-1.47.2-py3-none-manylinux_2_17_x86_64.manylinux2014_x86_64.whl", hash = "sha256:f525edf9b67d3ede552bb70bd4171f23e5e8edec3187189dfe8d1676df630b44", size = 7747368, upload-time = "2026-06-04T01:02:59.031Z" },
    { url = "https://files.pythonhosted.org/packages/78/18/758682974e36f5b77eb592807fd748ce1c4010509b4255f867433aa3e44f/typos-1.47.2-py3-none-musllinux_1_2_aarch64.whl", hash = "sha256:6c36a97ab3dd8c8924cd9b907a32e9aac504fc779d0c3b05e19204ca93385c37", size = 7097338, upload-time = "2026-06-04T01:03:00.932Z" },
    { url = "https://files.pythonhosted.org/packages/9d/b3/e6bccecd186d8f8c2d592baa7e1b17ef4f02a1e0a5ce4d7f53e9693fd3d9/typos-1.47.2-py3-none-musllinux_1_2_x86_64.whl", hash = "sha256:4eb36a44daed1d719ce417d2a6dd7a323d814ccdc647d9bb20d17ac2bed9e38c", size = 8136631, upload-time = "2026-06-04T01:03:02.744Z" },
    { url = "https://files.pythonhosted.org/packages/50/90/cceb1be7159dd020c0c9a93371b6444b8bdad7bce55bc7fa119e49d2c264/typos-1.47.2-py3-none-win32.whl", hash = "sha256:d0c01034bc029d8883406f3e2bed46dfa9b090ce6ad4a99e580070ae51307cfa", size = 3139942, upload-time = "2026-06-04T01:03:04.163Z" },
    { url = "https://files.pythonhosted.org/packages/82/0c/7c44ffabf6020d2fc456912bdcfb0d68102e05775fbc5cf82b88979be2ea/typos-1.47.2-py3-none-win_amd64.whl", hash = "sha256:749bbba363067bfc0e54ccc6e7580750e17f5ef093c91fedf6c2eb27d32efee6", size = 3311629, upload-time = "2026-06-04T01:03:05.718Z" },
]
